// !$*UTF8*$!
{
	archiveVersion = 1;
	classes = {
	};
	objectVersion = 77;
	objects = {

/* Begin PBXBuildFile section */
		D27D00D22E87A26E00E6F8A0 /* snapzify Extension.appex in Embed Foundation Extensions */ = {isa = PBXBuildFile; fileRef = D27D00D12E87A26E00E6F8A0 /* snapzify Extension.appex */; settings = {ATTRIBUTES = (RemoveHeadersOnCopy, ); }; };
/* End PBXBuildFile section */

/* Begin PBXContainerItemProxy section */
		D27D00BC2E87A26E00E6F8A0 /* PBXContainerItemProxy */ = {
			isa = PBXContainerItemProxy;
			containerPortal = D27D00962E87A26C00E6F8A0 /* Project object */;
			proxyType = 1;
			remoteGlobalIDString = D27D009D2E87A26D00E6F8A0;
			remoteInfo = snapzify;
		};
		D27D00C62E87A26E00E6F8A0 /* PBXContainerItemProxy */ = {
			isa = PBXContainerItemProxy;
			containerPortal = D27D00962E87A26C00E6F8A0 /* Project object */;
			proxyType = 1;
			remoteGlobalIDString = D27D009D2E87A26D00E6F8A0;
			remoteInfo = snapzify;
		};
		D27D00D32E87A26E00E6F8A0 /* PBXContainerItemProxy */ = {
			isa = PBXContainerItemProxy;
			containerPortal = D27D00962E87A26C00E6F8A0 /* Project object */;
			proxyType = 1;
			remoteGlobalIDString = D27D00D02E87A26E00E6F8A0;
			remoteInfo = "snapzify Extension";
		};
/* End PBXContainerItemProxy section */

/* Begin PBXCopyFilesBuildPhase section */
		D27D00F02E87A26E00E6F8A0 /* Embed Foundation Extensions */ = {
			isa = PBXCopyFilesBuildPhase;
			buildActionMask = 2147483647;
			dstPath = "";
			dstSubfolderSpec = 13;
			files = (
				D27D00D22E87A26E00E6F8A0 /* snapzify Extension.appex in Embed Foundation Extensions */,
			);
			name = "Embed Foundation Extensions";
			runOnlyForDeploymentPostprocessing = 0;
		};
/* End PBXCopyFilesBuildPhase section */

/* Begin PBXFileReference section */
		D27D009E2E87A26D00E6F8A0 /* snapzify.app */ = {isa = PBXFileReference; explicitFileType = wrapper.application; includeInIndex = 0; path = snapzify.app; sourceTree = BUILT_PRODUCTS_DIR; };
		D27D00BB2E87A26E00E6F8A0 /* snapzifyTests.xctest */ = {isa = PBXFileReference; explicitFileType = wrapper.cfbundle; includeInIndex = 0; path = snapzifyTests.xctest; sourceTree = BUILT_PRODUCTS_DIR; };
		D27D00C52E87A26E00E6F8A0 /* snapzifyUITests.xctest */ = {isa = PBXFileReference; explicitFileType = wrapper.cfbundle; includeInIndex = 0; path = snapzifyUITests.xctest; sourceTree = BUILT_PRODUCTS_DIR; };
		D27D00D12E87A26E00E6F8A0 /* snapzify Extension.appex */ = {isa = PBXFileReference; explicitFileType = "wrapper.app-extension"; includeInIndex = 0; path = "snapzify Extension.appex"; sourceTree = BUILT_PRODUCTS_DIR; };
/* End PBXFileReference section */

/* Begin PBXFileSystemSynchronizedBuildFileExceptionSet section */
		D27D00EB2E87A26E00E6F8A0 /* Exceptions for "snapzify" folder in "snapzify" target */ = {
			isa = PBXFileSystemSynchronizedBuildFileExceptionSet;
			membershipExceptions = (
				Info.plist,
			);
			target = D27D009D2E87A26D00E6F8A0 /* snapzify */;
		};
		D27D00EF2E87A26E00E6F8A0 /* Exceptions for "snapzify Extension" folder in "snapzify Extension" target */ = {
			isa = PBXFileSystemSynchronizedBuildFileExceptionSet;
			membershipExceptions = (
				Info.plist,
			);
			target = D27D00D02E87A26E00E6F8A0 /* snapzify Extension */;
		};
/* End PBXFileSystemSynchronizedBuildFileExceptionSet section */

/* Begin PBXFileSystemSynchronizedRootGroup section */
		D27D00A02E87A26D00E6F8A0 /* snapzify */ = {
			isa = PBXFileSystemSynchronizedRootGroup;
			exceptions = (
				D27D00EB2E87A26E00E6F8A0 /* Exceptions for "snapzify" folder in "snapzify" target */,
			);
			path = snapzify;
			sourceTree = "<group>";
		};
		D27D00BE2E87A26E00E6F8A0 /* snapzifyTests */ = {
			isa = PBXFileSystemSynchronizedRootGroup;
			path = snapzifyTests;
			sourceTree = "<group>";
		};
		D27D00C82E87A26E00E6F8A0 /* snapzifyUITests */ = {
			isa = PBXFileSystemSynchronizedRootGroup;
			path = snapzifyUITests;
			sourceTree = "<group>";
		};
		D27D00D52E87A26E00E6F8A0 /* snapzify Extension */ = {
			isa = PBXFileSystemSynchronizedRootGroup;
			exceptions = (
				D27D00EF2E87A26E00E6F8A0 /* Exceptions for "snapzify Extension" folder in "snapzify Extension" target */,
			);
			explicitFolders = (
				Resources/_locales,
				Resources/images,
			);
			path = "snapzify Extension";
			sourceTree = "<group>";
		};
/* End PBXFileSystemSynchronizedRootGroup section */

/* Begin PBXFrameworksBuildPhase section */
		D27D009B2E87A26D00E6F8A0 /* Frameworks */ = {
			isa = PBXFrameworksBuildPhase;
			buildActionMask = 2147483647;
			files = (
			);
			runOnlyForDeploymentPostprocessing = 0;
		};
		D27D00B82E87A26E00E6F8A0 /* Frameworks */ = {
			isa = PBXFrameworksBuildPhase;
			buildActionMask = 2147483647;
			files = (
			);
			runOnlyForDeploymentPostprocessing = 0;
		};
		D27D00C22E87A26E00E6F8A0 /* Frameworks */ = {
			isa = PBXFrameworksBuildPhase;
			buildActionMask = 2147483647;
			files = (
			);
			runOnlyForDeploymentPostprocessing = 0;
		};
		D27D00CE2E87A26E00E6F8A0 /* Frameworks */ = {
			isa = PBXFrameworksBuildPhase;
			buildActionMask = 2147483647;
			files = (
			);
			runOnlyForDeploymentPostprocessing = 0;
		};
/* End PBXFrameworksBuildPhase section */

/* Begin PBXGroup section */
		D27D00952E87A26C00E6F8A0 = {
			isa = PBXGroup;
			children = (
				D27D00A02E87A26D00E6F8A0 /* snapzify */,
				D27D00BE2E87A26E00E6F8A0 /* snapzifyTests */,
				D27D00C82E87A26E00E6F8A0 /* snapzifyUITests */,
				D27D00D52E87A26E00E6F8A0 /* snapzify Extension */,
				D27D009F2E87A26D00E6F8A0 /* Products */,
			);
			sourceTree = "<group>";
		};
		D27D009F2E87A26D00E6F8A0 /* Products */ = {
			isa = PBXGroup;
			children = (
				D27D009E2E87A26D00E6F8A0 /* snapzify.app */,
				D27D00BB2E87A26E00E6F8A0 /* snapzifyTests.xctest */,
				D27D00C52E87A26E00E6F8A0 /* snapzifyUITests.xctest */,
				D27D00D12E87A26E00E6F8A0 /* snapzify Extension.appex */,
			);
			name = Products;
			sourceTree = "<group>";
		};
/* End PBXGroup section */

/* Begin PBXNativeTarget section */
		D27D009D2E87A26D00E6F8A0 /* snapzify */ = {
			isa = PBXNativeTarget;
			buildConfigurationList = D27D00F12E87A26E00E6F8A0 /* Build configuration list for PBXNativeTarget "snapzify" */;
			buildPhases = (
				D27D009A2E87A26D00E6F8A0 /* Sources */,
				D27D009B2E87A26D00E6F8A0 /* Frameworks */,
				D27D009C2E87A26D00E6F8A0 /* Resources */,
				D27D00F02E87A26E00E6F8A0 /* Embed Foundation Extensions */,
			);
			buildRules = (
			);
			dependencies = (
				D27D00D42E87A26E00E6F8A0 /* PBXTargetDependency */,
			);
			fileSystemSynchronizedGroups = (
				D27D00A02E87A26D00E6F8A0 /* snapzify */,
			);
			name = snapzify;
			packageProductDependencies = (
			);
			productName = snapzify;
			productReference = D27D009E2E87A26D00E6F8A0 /* snapzify.app */;
			productType = "com.apple.product-type.application";
		};
		D27D00BA2E87A26E00E6F8A0 /* snapzifyTests */ = {
			isa = PBXNativeTarget;
			buildConfigurationList = D27D00F62E87A26E00E6F8A0 /* Build configuration list for PBXNativeTarget "snapzifyTests" */;
			buildPhases = (
				D27D00B72E87A26E00E6F8A0 /* Sources */,
				D27D00B82E87A26E00E6F8A0 /* Frameworks */,
				D27D00B92E87A26E00E6F8A0 /* Resources */,
			);
			buildRules = (
			);
			dependencies = (
				D27D00BD2E87A26E00E6F8A0 /* PBXTargetDependency */,
			);
			fileSystemSynchronizedGroups = (
				D27D00BE2E87A26E00E6F8A0 /* snapzifyTests */,
			);
			name = snapzifyTests;
			packageProductDependencies = (
			);
			productName = snapzifyTests;
			productReference = D27D00BB2E87A26E00E6F8A0 /* snapzifyTests.xctest */;
			productType = "com.apple.product-type.bundle.unit-test";
		};
		D27D00C42E87A26E00E6F8A0 /* snapzifyUITests */ = {
			isa = PBXNativeTarget;
			buildConfigurationList = D27D00F92E87A26E00E6F8A0 /* Build configuration list for PBXNativeTarget "snapzifyUITests" */;
			buildPhases = (
				D27D00C12E87A26E00E6F8A0 /* Sources */,
				D27D00C22E87A26E00E6F8A0 /* Frameworks */,
				D27D00C32E87A26E00E6F8A0 /* Resources */,
			);
			buildRules = (
			);
			dependencies = (
				D27D00C72E87A26E00E6F8A0 /* PBXTargetDependency */,
			);
			fileSystemSynchronizedGroups = (
				D27D00C82E87A26E00E6F8A0 /* snapzifyUITests */,
			);
			name = snapzifyUITests;
			packageProductDependencies = (
			);
			productName = snapzifyUITests;
			productReference = D27D00C52E87A26E00E6F8A0 /* snapzifyUITests.xctest */;
			productType = "com.apple.product-type.bundle.ui-testing";
		};
		D27D00D02E87A26E00E6F8A0 /* snapzify Extension */ = {
			isa = PBXNativeTarget;
			buildConfigurationList = D27D00EC2E87A26E00E6F8A0 /* Build configuration list for PBXNativeTarget "snapzify Extension" */;
			buildPhases = (
				D27D00CD2E87A26E00E6F8A0 /* Sources */,
				D27D00CE2E87A26E00E6F8A0 /* Frameworks */,
				D27D00CF2E87A26E00E6F8A0 /* Resources */,
			);
			buildRules = (
			);
			dependencies = (
			);
			fileSystemSynchronizedGroups = (
				D27D00D52E87A26E00E6F8A0 /* snapzify Extension */,
			);
			name = "snapzify Extension";
			packageProductDependencies = (
			);
			productName = "snapzify Extension";
			productReference = D27D00D12E87A26E00E6F8A0 /* snapzify Extension.appex */;
			productType = "com.apple.product-type.app-extension";
		};
/* End PBXNativeTarget section */

/* Begin PBXProject section */
		D27D00962E87A26C00E6F8A0 /* Project object */ = {
			isa = PBXProject;
			attributes = {
				BuildIndependentTargetsInParallel = 1;
				LastSwiftUpdateCheck = 2600;
				LastUpgradeCheck = 2600;
				TargetAttributes = {
					D27D009D2E87A26D00E6F8A0 = {
						CreatedOnToolsVersion = 26.0;
					};
					D27D00BA2E87A26E00E6F8A0 = {
						CreatedOnToolsVersion = 26.0;
						TestTargetID = D27D009D2E87A26D00E6F8A0;
					};
					D27D00C42E87A26E00E6F8A0 = {
						CreatedOnToolsVersion = 26.0;
						TestTargetID = D27D009D2E87A26D00E6F8A0;
					};
					D27D00D02E87A26E00E6F8A0 = {
						CreatedOnToolsVersion = 26.0;
					};
				};
			};
			buildConfigurationList = D27D00992E87A26C00E6F8A0 /* Build configuration list for PBXProject "snapzify" */;
			developmentRegion = en;
			hasScannedForEncodings = 0;
			knownRegions = (
				en,
				Base,
			);
			mainGroup = D27D00952E87A26C00E6F8A0;
			minimizedProjectReferenceProxies = 1;
			preferredProjectObjectVersion = 77;
			productRefGroup = D27D009F2E87A26D00E6F8A0 /* Products */;
			projectDirPath = "";
			projectRoot = "";
			targets = (
				D27D009D2E87A26D00E6F8A0 /* snapzify */,
				D27D00BA2E87A26E00E6F8A0 /* snapzifyTests */,
				D27D00C42E87A26E00E6F8A0 /* snapzifyUITests */,
				D27D00D02E87A26E00E6F8A0 /* snapzify Extension */,
			);
		};
/* End PBXProject section */

/* Begin PBXResourcesBuildPhase section */
		D27D009C2E87A26D00E6F8A0 /* Resources */ = {
			isa = PBXResourcesBuildPhase;
			buildActionMask = 2147483647;
			files = (
			);
			runOnlyForDeploymentPostprocessing = 0;
		};
		D27D00B92E87A26E00E6F8A0 /* Resources */ = {
			isa = PBXResourcesBuildPhase;
			buildActionMask = 2147483647;
			files = (
			);
			runOnlyForDeploymentPostprocessing = 0;
		};
		D27D00C32E87A26E00E6F8A0 /* Resources */ = {
			isa = PBXResourcesBuildPhase;
			buildActionMask = 2147483647;
			files = (
			);
			runOnlyForDeploymentPostprocessing = 0;
		};
		D27D00CF2E87A26E00E6F8A0 /* Resources */ = {
			isa = PBXResourcesBuildPhase;
			buildActionMask = 2147483647;
			files = (
			);
			runOnlyForDeploymentPostprocessing = 0;
		};
/* End PBXResourcesBuildPhase section */

/* Begin PBXSourcesBuildPhase section */
		D27D009A2E87A26D00E6F8A0 /* Sources */ = {
			isa = PBXSourcesBuildPhase;
			buildActionMask = 2147483647;
			files = (
			);
			runOnlyForDeploymentPostprocessing = 0;
		};
		D27D00B72E87A26E00E6F8A0 /* Sources */ = {
			isa = PBXSourcesBuildPhase;
			buildActionMask = 2147483647;
			files = (
			);
			runOnlyForDeploymentPostprocessing = 0;
		};
		D27D00C12E87A26E00E6F8A0 /* Sources */ = {
			isa = PBXSourcesBuildPhase;
			buildActionMask = 2147483647;
			files = (
			);
			runOnlyForDeploymentPostprocessing = 0;
		};
		D27D00CD2E87A26E00E6F8A0 /* Sources */ = {
			isa = PBXSourcesBuildPhase;
			buildActionMask = 2147483647;
			files = (
			);
			runOnlyForDeploymentPostprocessing = 0;
		};
/* End PBXSourcesBuildPhase section */

/* Begin PBXTargetDependency section */
		D27D00BD2E87A26E00E6F8A0 /* PBXTargetDependency */ = {
			isa = PBXTargetDependency;
			target = D27D009D2E87A26D00E6F8A0 /* snapzify */;
			targetProxy = D27D00BC2E87A26E00E6F8A0 /* PBXContainerItemProxy */;
		};
		D27D00C72E87A26E00E6F8A0 /* PBXTargetDependency */ = {
			isa = PBXTargetDependency;
			target = D27D009D2E87A26D00E6F8A0 /* snapzify */;
			targetProxy = D27D00C62E87A26E00E6F8A0 /* PBXContainerItemProxy */;
		};
		D27D00D42E87A26E00E6F8A0 /* PBXTargetDependency */ = {
			isa = PBXTargetDependency;
			target = D27D00D02E87A26E00E6F8A0 /* snapzify Extension */;
			targetProxy = D27D00D32E87A26E00E6F8A0 /* PBXContainerItemProxy */;
		};
/* End PBXTargetDependency section */

/* Begin XCBuildConfiguration section */
		D27D00ED2E87A26E00E6F8A0 /* Debug */ = {
			isa = XCBuildConfiguration;
			buildSettings = {
				CODE_SIGN_STYLE = Automatic;
				CURRENT_PROJECT_VERSION = 1;
				DEVELOPMENT_TEAM = 8FN3F53SM8;
				GENERATE_INFOPLIST_FILE = YES;
				INFOPLIST_FILE = "snapzify Extension/Info.plist";
				INFOPLIST_KEY_CFBundleDisplayName = "snapzify Extension";
				INFOPLIST_KEY_NSHumanReadableCopyright = "";
				IPHONEOS_DEPLOYMENT_TARGET = 26.0;
				LD_RUNPATH_SEARCH_PATHS = (
					"$(inherited)",
					"@executable_path/Frameworks",
					"@executable_path/../../Frameworks",
				);
				MARKETING_VERSION = 1.0;
				OTHER_LDFLAGS = (
					"-framework",
					SafariServices,
				);
				PRODUCT_BUNDLE_IDENTIFIER = com.melvinlu.snapzify.Extension;
				PRODUCT_NAME = "$(TARGET_NAME)";
				SKIP_INSTALL = YES;
				STRING_CATALOG_GENERATE_SYMBOLS = YES;
				SWIFT_APPROACHABLE_CONCURRENCY = YES;
				SWIFT_EMIT_LOC_STRINGS = YES;
				SWIFT_UPCOMING_FEATURE_MEMBER_IMPORT_VISIBILITY = YES;
				SWIFT_VERSION = 5.0;
				TARGETED_DEVICE_FAMILY = "1,2";
			};
			name = Debug;
		};
		D27D00EE2E87A26E00E6F8A0 /* Release */ = {
			isa = XCBuildConfiguration;
			buildSettings = {
				CODE_SIGN_STYLE = Automatic;
				CURRENT_PROJECT_VERSION = 1;
				DEVELOPMENT_TEAM = 8FN3F53SM8;
				GENERATE_INFOPLIST_FILE = YES;
				INFOPLIST_FILE = "snapzify Extension/Info.plist";
				INFOPLIST_KEY_CFBundleDisplayName = "snapzify Extension";
				INFOPLIST_KEY_NSHumanReadableCopyright = "";
				IPHONEOS_DEPLOYMENT_TARGET = 26.0;
				LD_RUNPATH_SEARCH_PATHS = (
					"$(inherited)",
					"@executable_path/Frameworks",
					"@executable_path/../../Frameworks",
				);
				MARKETING_VERSION = 1.0;
				OTHER_LDFLAGS = (
					"-framework",
					SafariServices,
				);
				PRODUCT_BUNDLE_IDENTIFIER = com.melvinlu.snapzify.Extension;
				PRODUCT_NAME = "$(TARGET_NAME)";
				SKIP_INSTALL = YES;
				STRING_CATALOG_GENERATE_SYMBOLS = YES;
				SWIFT_APPROACHABLE_CONCURRENCY = YES;
				SWIFT_EMIT_LOC_STRINGS = YES;
				SWIFT_UPCOMING_FEATURE_MEMBER_IMPORT_VISIBILITY = YES;
				SWIFT_VERSION = 5.0;
				TARGETED_DEVICE_FAMILY = "1,2";
			};
			name = Release;
		};
		D27D00F22E87A26E00E6F8A0 /* Debug */ = {
			isa = XCBuildConfiguration;
			buildSettings = {
				ASSETCATALOG_COMPILER_APPICON_NAME = AppIcon;
				ASSETCATALOG_COMPILER_GLOBAL_ACCENT_COLOR_NAME = AccentColor;
				CODE_SIGN_STYLE = Automatic;
				CURRENT_PROJECT_VERSION = 1;
				DEVELOPMENT_TEAM = 8FN3F53SM8;
				GENERATE_INFOPLIST_FILE = YES;
				INFOPLIST_FILE = snapzify/Info.plist;
				INFOPLIST_KEY_CFBundleDisplayName = snapzify;
				INFOPLIST_KEY_UIApplicationSupportsIndirectInputEvents = YES;
				INFOPLIST_KEY_UILaunchStoryboardName = LaunchScreen;
				INFOPLIST_KEY_UIMainStoryboardFile = Main;
				INFOPLIST_KEY_UISupportedInterfaceOrientations_iPad = "UIInterfaceOrientationPortrait UIInterfaceOrientationPortraitUpsideDown UIInterfaceOrientationLandscapeLeft UIInterfaceOrientationLandscapeRight";
				INFOPLIST_KEY_UISupportedInterfaceOrientations_iPhone = "UIInterfaceOrientationPortrait UIInterfaceOrientationLandscapeLeft UIInterfaceOrientationLandscapeRight";
				IPHONEOS_DEPLOYMENT_TARGET = 26.0;
				LD_RUNPATH_SEARCH_PATHS = (
					"$(inherited)",
					"@executable_path/Frameworks",
				);
				MARKETING_VERSION = 1.0;
				OTHER_LDFLAGS = (
					"-framework",
					SafariServices,
					"-framework",
					WebKit,
				);
				PRODUCT_BUNDLE_IDENTIFIER = com.melvinlu.snapzify;
				PRODUCT_NAME = "$(TARGET_NAME)";
				STRING_CATALOG_GENERATE_SYMBOLS = YES;
				SWIFT_APPROACHABLE_CONCURRENCY = YES;
				SWIFT_DEFAULT_ACTOR_ISOLATION = MainActor;
				SWIFT_EMIT_LOC_STRINGS = YES;
				SWIFT_UPCOMING_FEATURE_MEMBER_IMPORT_VISIBILITY = YES;
				SWIFT_VERSION = 5.0;
				TARGETED_DEVICE_FAMILY = "1,2";
			};
			name = Debug;
		};
		D27D00F32E87A26E00E6F8A0 /* Release */ = {
			isa = XCBuildConfiguration;
			buildSettings = {
				ASSETCATALOG_COMPILER_APPICON_NAME = AppIcon;
				ASSETCATALOG_COMPILER_GLOBAL_ACCENT_COLOR_NAME = AccentColor;
				CODE_SIGN_STYLE = Automatic;
				CURRENT_PROJECT_VERSION = 1;
				DEVELOPMENT_TEAM = 8FN3F53SM8;
				GENERATE_INFOPLIST_FILE = YES;
				INFOPLIST_FILE = snapzify/Info.plist;
				INFOPLIST_KEY_CFBundleDisplayName = snapzify;
				INFOPLIST_KEY_UIApplicationSupportsIndirectInputEvents = YES;
				INFOPLIST_KEY_UILaunchStoryboardName = LaunchScreen;
				INFOPLIST_KEY_UIMainStoryboardFile = Main;
				INFOPLIST_KEY_UISupportedInterfaceOrientations_iPad = "UIInterfaceOrientationPortrait UIInterfaceOrientationPortraitUpsideDown UIInterfaceOrientationLandscapeLeft UIInterfaceOrientationLandscapeRight";
				INFOPLIST_KEY_UISupportedInterfaceOrientations_iPhone = "UIInterfaceOrientationPortrait UIInterfaceOrientationLandscapeLeft UIInterfaceOrientationLandscapeRight";
				IPHONEOS_DEPLOYMENT_TARGET = 26.0;
				LD_RUNPATH_SEARCH_PATHS = (
					"$(inherited)",
					"@executable_path/Frameworks",
				);
				MARKETING_VERSION = 1.0;
				OTHER_LDFLAGS = (
					"-framework",
					SafariServices,
					"-framework",
					WebKit,
				);
				PRODUCT_BUNDLE_IDENTIFIER = com.melvinlu.snapzify;
				PRODUCT_NAME = "$(TARGET_NAME)";
				STRING_CATALOG_GENERATE_SYMBOLS = YES;
				SWIFT_APPROACHABLE_CONCURRENCY = YES;
				SWIFT_DEFAULT_ACTOR_ISOLATION = MainActor;
				SWIFT_EMIT_LOC_STRINGS = YES;
				SWIFT_UPCOMING_FEATURE_MEMBER_IMPORT_VISIBILITY = YES;
				SWIFT_VERSION = 5.0;
				TARGETED_DEVICE_FAMILY = "1,2";
			};
			name = Release;
		};
		D27D00F42E87A26E00E6F8A0 /* Debug */ = {
			isa = XCBuildConfiguration;
			buildSettings = {
				ALWAYS_SEARCH_USER_PATHS = NO;
				ASSETCATALOG_COMPILER_GENERATE_SWIFT_ASSET_SYMBOL_EXTENSIONS = YES;
				CLANG_ANALYZER_NONNULL = YES;
				CLANG_ANALYZER_NUMBER_OBJECT_CONVERSION = YES_AGGRESSIVE;
				CLANG_CXX_LANGUAGE_STANDARD = "gnu++20";
				CLANG_ENABLE_MODULES = YES;
				CLANG_ENABLE_OBJC_ARC = YES;
				CLANG_ENABLE_OBJC_WEAK = YES;
				CLANG_WARN_BLOCK_CAPTURE_AUTORELEASING = YES;
				CLANG_WARN_BOOL_CONVERSION = YES;
				CLANG_WARN_COMMA = YES;
				CLANG_WARN_CONSTANT_CONVERSION = YES;
				CLANG_WARN_DEPRECATED_OBJC_IMPLEMENTATIONS = YES;
				CLANG_WARN_DIRECT_OBJC_ISA_USAGE = YES_ERROR;
				CLANG_WARN_DOCUMENTATION_COMMENTS = YES;
				CLANG_WARN_EMPTY_BODY = YES;
				CLANG_WARN_ENUM_CONVERSION = YES;
				CLANG_WARN_INFINITE_RECURSION = YES;
				CLANG_WARN_INT_CONVERSION = YES;
				CLANG_WARN_NON_LITERAL_NULL_CONVERSION = YES;
				CLANG_WARN_OBJC_IMPLICIT_RETAIN_SELF = YES;
				CLANG_WARN_OBJC_LITERAL_CONVERSION = YES;
				CLANG_WARN_OBJC_ROOT_CLASS = YES_ERROR;
				CLANG_WARN_QUOTED_INCLUDE_IN_FRAMEWORK_HEADER = YES;
				CLANG_WARN_RANGE_LOOP_ANALYSIS = YES;
				CLANG_WARN_STRICT_PROTOTYPES = YES;
				CLANG_WARN_SUSPICIOUS_MOVE = YES;
				CLANG_WARN_UNGUARDED_AVAILABILITY = YES_AGGRESSIVE;
				CLANG_WARN_UNREACHABLE_CODE = YES;
				CLANG_WARN__DUPLICATE_METHOD_MATCH = YES;
				COPY_PHASE_STRIP = NO;
				DEBUG_INFORMATION_FORMAT = dwarf;
				DEVELOPMENT_TEAM = 8FN3F53SM8;
				ENABLE_STRICT_OBJC_MSGSEND = YES;
				ENABLE_TESTABILITY = YES;
				ENABLE_USER_SCRIPT_SANDBOXING = YES;
				GCC_C_LANGUAGE_STANDARD = gnu17;
				GCC_DYNAMIC_NO_PIC = NO;
				GCC_NO_COMMON_BLOCKS = YES;
				GCC_OPTIMIZATION_LEVEL = 0;
				GCC_PREPROCESSOR_DEFINITIONS = (
					"DEBUG=1",
					"$(inherited)",
				);
				GCC_WARN_64_TO_32_BIT_CONVERSION = YES;
				GCC_WARN_ABOUT_RETURN_TYPE = YES_ERROR;
				GCC_WARN_UNDECLARED_SELECTOR = YES;
				GCC_WARN_UNINITIALIZED_AUTOS = YES_AGGRESSIVE;
				GCC_WARN_UNUSED_FUNCTION = YES;
				GCC_WARN_UNUSED_VARIABLE = YES;
				IPHONEOS_DEPLOYMENT_TARGET = 26.0;
				LOCALIZATION_PREFERS_STRING_CATALOGS = YES;
				MTL_ENABLE_DEBUG_INFO = INCLUDE_SOURCE;
				MTL_FAST_MATH = YES;
				ONLY_ACTIVE_ARCH = YES;
				SDKROOT = iphoneos;
				SWIFT_ACTIVE_COMPILATION_CONDITIONS = "DEBUG $(inherited)";
				SWIFT_OPTIMIZATION_LEVEL = "-Onone";
			};
			name = Debug;
		};
		D27D00F52E87A26E00E6F8A0 /* Release */ = {
			isa = XCBuildConfiguration;
			buildSettings = {
				ALWAYS_SEARCH_USER_PATHS = NO;
				ASSETCATALOG_COMPILER_GENERATE_SWIFT_ASSET_SYMBOL_EXTENSIONS = YES;
				CLANG_ANALYZER_NONNULL = YES;
				CLANG_ANALYZER_NUMBER_OBJECT_CONVERSION = YES_AGGRESSIVE;
				CLANG_CXX_LANGUAGE_STANDARD = "gnu++20";
				CLANG_ENABLE_MODULES = YES;
				CLANG_ENABLE_OBJC_ARC = YES;
				CLANG_ENABLE_OBJC_WEAK = YES;
				CLANG_WARN_BLOCK_CAPTURE_AUTORELEASING = YES;
				CLANG_WARN_BOOL_CONVERSION = YES;
				CLANG_WARN_COMMA = YES;
				CLANG_WARN_CONSTANT_CONVERSION = YES;
				CLANG_WARN_DEPRECATED_OBJC_IMPLEMENTATIONS = YES;
				CLANG_WARN_DIRECT_OBJC_ISA_USAGE = YES_ERROR;
				CLANG_WARN_DOCUMENTATION_COMMENTS = YES;
				CLANG_WARN_EMPTY_BODY = YES;
				CLANG_WARN_ENUM_CONVERSION = YES;
				CLANG_WARN_INFINITE_RECURSION = YES;
				CLANG_WARN_INT_CONVERSION = YES;
				CLANG_WARN_NON_LITERAL_NULL_CONVERSION = YES;
				CLANG_WARN_OBJC_IMPLICIT_RETAIN_SELF = YES;
				CLANG_WARN_OBJC_LITERAL_CONVERSION = YES;
				CLANG_WARN_OBJC_ROOT_CLASS = YES_ERROR;
				CLANG_WARN_QUOTED_INCLUDE_IN_FRAMEWORK_HEADER = YES;
				CLANG_WARN_RANGE_LOOP_ANALYSIS = YES;
				CLANG_WARN_STRICT_PROTOTYPES = YES;
				CLANG_WARN_SUSPICIOUS_MOVE = YES;
				CLANG_WARN_UNGUARDED_AVAILABILITY = YES_AGGRESSIVE;
				CLANG_WARN_UNREACHABLE_CODE = YES;
				CLANG_WARN__DUPLICATE_METHOD_MATCH = YES;
				COPY_PHASE_STRIP = NO;
				DEBUG_INFORMATION_FORMAT = "dwarf-with-dsym";
				DEVELOPMENT_TEAM = 8FN3F53SM8;
				ENABLE_NS_ASSERTIONS = NO;
				ENABLE_STRICT_OBJC_MSGSEND = YES;
				ENABLE_USER_SCRIPT_SANDBOXING = YES;
				GCC_C_LANGUAGE_STANDARD = gnu17;
				GCC_NO_COMMON_BLOCKS = YES;
				GCC_WARN_64_TO_32_BIT_CONVERSION = YES;
				GCC_WARN_ABOUT_RETURN_TYPE = YES_ERROR;
				GCC_WARN_UNDECLARED_SELECTOR = YES;
				GCC_WARN_UNINITIALIZED_AUTOS = YES_AGGRESSIVE;
				GCC_WARN_UNUSED_FUNCTION = YES;
				GCC_WARN_UNUSED_VARIABLE = YES;
				IPHONEOS_DEPLOYMENT_TARGET = 26.0;
				LOCALIZATION_PREFERS_STRING_CATALOGS = YES;
				MTL_ENABLE_DEBUG_INFO = NO;
				MTL_FAST_MATH = YES;
				SDKROOT = iphoneos;
				SWIFT_COMPILATION_MODE = wholemodule;
				VALIDATE_PRODUCT = YES;
			};
			name = Release;
		};
		D27D00F72E87A26E00E6F8A0 /* Debug */ = {
			isa = XCBuildConfiguration;
			buildSettings = {
				BUNDLE_LOADER = "$(TEST_HOST)";
				CODE_SIGN_STYLE = Automatic;
				CURRENT_PROJECT_VERSION = 1;
				DEVELOPMENT_TEAM = 8FN3F53SM8;
				GENERATE_INFOPLIST_FILE = YES;
				IPHONEOS_DEPLOYMENT_TARGET = 26.0;
				MARKETING_VERSION = 1.0;
				PRODUCT_BUNDLE_IDENTIFIER = com.melvinlu.snapzifyTests;
				PRODUCT_NAME = "$(TARGET_NAME)";
				STRING_CATALOG_GENERATE_SYMBOLS = NO;
				SWIFT_APPROACHABLE_CONCURRENCY = YES;
				SWIFT_EMIT_LOC_STRINGS = NO;
				SWIFT_UPCOMING_FEATURE_MEMBER_IMPORT_VISIBILITY = YES;
				SWIFT_VERSION = 5.0;
				TARGETED_DEVICE_FAMILY = "1,2";
				TEST_HOST = "$(BUILT_PRODUCTS_DIR)/snapzify.app/$(BUNDLE_EXECUTABLE_FOLDER_PATH)/snapzify";
			};
			name = Debug;
		};
		D27D00F82E87A26E00E6F8A0 /* Release */ = {
			isa = XCBuildConfiguration;
			buildSettings = {
				BUNDLE_LOADER = "$(TEST_HOST)";
				CODE_SIGN_STYLE = Automatic;
				CURRENT_PROJECT_VERSION = 1;
				DEVELOPMENT_TEAM = 8FN3F53SM8;
				GENERATE_INFOPLIST_FILE = YES;
				IPHONEOS_DEPLOYMENT_TARGET = 26.0;
				MARKETING_VERSION = 1.0;
				PRODUCT_BUNDLE_IDENTIFIER = com.melvinlu.snapzifyTests;
				PRODUCT_NAME = "$(TARGET_NAME)";
				STRING_CATALOG_GENERATE_SYMBOLS = NO;
				SWIFT_APPROACHABLE_CONCURRENCY = YES;
				SWIFT_EMIT_LOC_STRINGS = NO;
				SWIFT_UPCOMING_FEATURE_MEMBER_IMPORT_VISIBILITY = YES;
				SWIFT_VERSION = 5.0;
				TARGETED_DEVICE_FAMILY = "1,2";
				TEST_HOST = "$(BUILT_PRODUCTS_DIR)/snapzify.app/$(BUNDLE_EXECUTABLE_FOLDER_PATH)/snapzify";
			};
			name = Release;
		};
		D27D00FA2E87A26E00E6F8A0 /* Debug */ = {
			isa = XCBuildConfiguration;
			buildSettings = {
				CODE_SIGN_STYLE = Automatic;
				CURRENT_PROJECT_VERSION = 1;
				DEVELOPMENT_TEAM = 8FN3F53SM8;
				GENERATE_INFOPLIST_FILE = YES;
				MARKETING_VERSION = 1.0;
				PRODUCT_BUNDLE_IDENTIFIER = com.melvinlu.snapzifyUITests;
				PRODUCT_NAME = "$(TARGET_NAME)";
				STRING_CATALOG_GENERATE_SYMBOLS = NO;
				SWIFT_APPROACHABLE_CONCURRENCY = YES;
				SWIFT_EMIT_LOC_STRINGS = NO;
				SWIFT_UPCOMING_FEATURE_MEMBER_IMPORT_VISIBILITY = YES;
				SWIFT_VERSION = 5.0;
				TARGETED_DEVICE_FAMILY = "1,2";
				TEST_TARGET_NAME = snapzify;
			};
			name = Debug;
		};
		D27D00FB2E87A26E00E6F8A0 /* Release */ = {
			isa = XCBuildConfiguration;
			buildSettings = {
				CODE_SIGN_STYLE = Automatic;
				CURRENT_PROJECT_VERSION = 1;
				DEVELOPMENT_TEAM = 8FN3F53SM8;
				GENERATE_INFOPLIST_FILE = YES;
				MARKETING_VERSION = 1.0;
				PRODUCT_BUNDLE_IDENTIFIER = com.melvinlu.snapzifyUITests;
				PRODUCT_NAME = "$(TARGET_NAME)";
				STRING_CATALOG_GENERATE_SYMBOLS = NO;
				SWIFT_APPROACHABLE_CONCURRENCY = YES;
				SWIFT_EMIT_LOC_STRINGS = NO;
				SWIFT_UPCOMING_FEATURE_MEMBER_IMPORT_VISIBILITY = YES;
				SWIFT_VERSION = 5.0;
				TARGETED_DEVICE_FAMILY = "1,2";
				TEST_TARGET_NAME = snapzify;
			};
			name = Release;
		};
/* End XCBuildConfiguration section */

/* Begin XCConfigurationList section */
		D27D00992E87A26C00E6F8A0 /* Build configuration list for PBXProject "snapzify" */ = {
			isa = XCConfigurationList;
			buildConfigurations = (
				D27D00F42E87A26E00E6F8A0 /* Debug */,
				D27D00F52E87A26E00E6F8A0 /* Release */,
			);
			defaultConfigurationIsVisible = 0;
			defaultConfigurationName = Release;
		};
		D27D00EC2E87A26E00E6F8A0 /* Build configuration list for PBXNativeTarget "snapzify Extension" */ = {
			isa = XCConfigurationList;
			buildConfigurations = (
				D27D00ED2E87A26E00E6F8A0 /* Debug */,
				D27D00EE2E87A26E00E6F8A0 /* Release */,
			);
			defaultConfigurationIsVisible = 0;
			defaultConfigurationName = Release;
		};
		D27D00F12E87A26E00E6F8A0 /* Build configuration list for PBXNativeTarget "snapzify" */ = {
			isa = XCConfigurationList;
			buildConfigurations = (
				D27D00F22E87A26E00E6F8A0 /* Debug */,
				D27D00F32E87A26E00E6F8A0 /* Release */,
			);
			defaultConfigurationIsVisible = 0;
			defaultConfigurationName = Release;
		};
		D27D00F62E87A26E00E6F8A0 /* Build configuration list for PBXNativeTarget "snapzifyTests" */ = {
			isa = XCConfigurationList;
			buildConfigurations = (
				D27D00F72E87A26E00E6F8A0 /* Debug */,
				D27D00F82E87A26E00E6F8A0 /* Release */,
			);
			defaultConfigurationIsVisible = 0;
			defaultConfigurationName = Release;
		};
		D27D00F92E87A26E00E6F8A0 /* Build configuration list for PBXNativeTarget "snapzifyUITests" */ = {
			isa = XCConfigurationList;
			buildConfigurations = (
				D27D00FA2E87A26E00E6F8A0 /* Debug */,
				D27D00FB2E87A26E00E6F8A0 /* Release */,
			);
			defaultConfigurationIsVisible = 0;
			defaultConfigurationName = Release;
		};
/* End XCConfigurationList section */
	};
	rootObject = D27D00962E87A26C00E6F8A0 /* Project object */;
}
